
Microsoft Visual Studio Solution File, Format Version 12.00
# Visual Studio Version 16
VisualStudioVersion = 16.0.30621.155
MinimumVisualStudioVersion = 10.0.40219.1
Project("{FAE04EC0-301F-11D3-BF4B-00C04F79EFBC}") = "LeagueOfLegendsStatsInput", "LeagueOfLegendsStatsInput\LeagueOfLegendsStatsInput.csproj", "{C32182A9-DCC0-42DE-A86D-3BB831A4B471}"
EndProject
Global
	GlobalSection(SolutionConfigurationPlatforms) = preSolution
		Debug|Any CPU = Debug|Any CPU
		Release|Any CPU = Release|Any CPU
	EndGlobalSection
	GlobalSection(ProjectConfigurationPlatforms) = postSolution
		{C32182A9-DCC0-42DE-A86D-3BB831A4B471}.Debug|Any CPU.ActiveCfg = Debug|Any CPU
		{C32182A9-DCC0-42DE-A86D-3BB831A4B471}.Debug|Any CPU.Build.0 = Debug|Any CPU
		{C32182A9-DCC0-42DE-A86D-3BB831A4B471}.Release|Any CPU.ActiveCfg = Release|Any CPU
		{C32182A9-DCC0-42DE-A86D-3BB831A4B471}.Release|Any CPU.Build.0 = Release|Any CPU
	EndGlobalSection
	GlobalSection(SolutionProperties) = preSolution
		HideSolutionNode = FALSE
	EndGlobalSection
	GlobalSection(ExtensibilityGlobals) = postSolution
		SolutionGuid = {0A426E37-E3D3-4B78-8823-79C1777D7A5F}
	EndGlobalSection
EndGlobal
